
Microsoft Visual Studio Solution File, Format Version 12.00
# Visual Studio Version 16
VisualStudioVersion = 16.0.32802.440
MinimumVisualStudioVersion = 10.0.40219.1
Project("{FAE04EC0-301F-11D3-BF4B-00C04F79EFBC}") = "SkillBox4.8", "SkillBox4.8\SkillBox4.8.csproj", "{3326FAED-4F1D-4A38-ADF4-CE0560E34A3C}"
EndProject
Global
	GlobalSection(SolutionConfigurationPlatforms) = preSolution
		Debug|Any CPU = Debug|Any CPU
		Release|Any CPU = Release|Any CPU
	EndGlobalSection
	GlobalSection(ProjectConfigurationPlatforms) = postSolution
		{3326FAED-4F1D-4A38-ADF4-CE0560E34A3C}.Debug|Any CPU.ActiveCfg = Debug|Any CPU
		{3326FAED-4F1D-4A38-ADF4-CE0560E34A3C}.Debug|Any CPU.Build.0 = Debug|Any CPU
		{3326FAED-4F1D-4A38-ADF4-CE0560E34A3C}.Release|Any CPU.ActiveCfg = Release|Any CPU
		{3326FAED-4F1D-4A38-ADF4-CE0560E34A3C}.Release|Any CPU.Build.0 = Release|Any CPU
	EndGlobalSection
	GlobalSection(SolutionProperties) = preSolution
		HideSolutionNode = FALSE
	EndGlobalSection
	GlobalSection(ExtensibilityGlobals) = postSolution
		SolutionGuid = {D3A43E1C-30D6-42CB-B159-BD22A6E31467}
	EndGlobalSection
EndGlobal
